# THIS IS AN AUTOGENERATED FILE. DO NOT EDIT THIS FILE DIRECTLY.
# yarn lockfile v1


"@dr-coton/atos@^1.0.0":
  version "1.0.0"
  resolved "https://registry.yarnpkg.com/@dr-coton/atos/-/atos-1.0.0.tgz#433d89cbd94adc93f09ee9322a34b5863f05a05c"
  integrity sha512-SiBc9k7nTf92KgfEZ/PTNAjVW9HlYBQvkbjvMIk4rr405S9epeyTHN6F6jeSvbL7iVnSWlyJiInGN83gbZvjCA==
